
Microsoft Visual Studio Solution File, Format Version 12.00
# Visual Studio Version 16
VisualStudioVersion = 16.0.30309.148
MinimumVisualStudioVersion = 10.0.40219.1
Project("{FAE04EC0-301F-11D3-BF4B-00C04F79EFBC}") = "WebApiSampleProject", "WebApiSampleProject.csproj", "{A19D1BA6-9402-46F8-8050-E885ADDBA84A}"
EndProject
Project("{FAE04EC0-301F-11D3-BF4B-00C04F79EFBC}") = "WebApiSampleProject.Tests", "..\WebApiSampleProject.Tests\WebApiSampleProject.Tests.csproj", "{DE109CDA-296C-4300-BB40-3F2EAE60D824}"
EndProject
Global
	GlobalSection(SolutionConfigurationPlatforms) = preSolution
		Debug|Any CPU = Debug|Any CPU
		Release|Any CPU = Release|Any CPU
	EndGlobalSection
	GlobalSection(ProjectConfigurationPlatforms) = postSolution
		{A19D1BA6-9402-46F8-8050-E885ADDBA84A}.Debug|Any CPU.ActiveCfg = Debug|Any CPU
		{A19D1BA6-9402-46F8-8050-E885ADDBA84A}.Debug|Any CPU.Build.0 = Debug|Any CPU
		{A19D1BA6-9402-46F8-8050-E885ADDBA84A}.Release|Any CPU.ActiveCfg = Release|Any CPU
		{A19D1BA6-9402-46F8-8050-E885ADDBA84A}.Release|Any CPU.Build.0 = Release|Any CPU
		{DE109CDA-296C-4300-BB40-3F2EAE60D824}.Debug|Any CPU.ActiveCfg = Debug|Any CPU
		{DE109CDA-296C-4300-BB40-3F2EAE60D824}.Debug|Any CPU.Build.0 = Debug|Any CPU
		{DE109CDA-296C-4300-BB40-3F2EAE60D824}.Release|Any CPU.ActiveCfg = Release|Any CPU
		{DE109CDA-296C-4300-BB40-3F2EAE60D824}.Release|Any CPU.Build.0 = Release|Any CPU
	EndGlobalSection
	GlobalSection(SolutionProperties) = preSolution
		HideSolutionNode = FALSE
	EndGlobalSection
	GlobalSection(ExtensibilityGlobals) = postSolution
		SolutionGuid = {C4E1408D-ED71-4EAD-9D80-A8803F04AED1}
	EndGlobalSection
EndGlobal
